
Microsoft Visual Studio Solution File, Format Version 12.00
# Visual Studio 15
VisualStudioVersion = 15.0.28010.2041
MinimumVisualStudioVersion = 10.0.40219.1
Project("{FAE04EC0-301F-11D3-BF4B-00C04F79EFBC}") = "ConsoleApp6", "ConsoleApp6\ConsoleApp6.csproj", "{87E65287-45CB-48B7-A6D2-F4153FDB8DB2}"
EndProject
Global
	GlobalSection(SolutionConfigurationPlatforms) = preSolution
		Debug|Any CPU = Debug|Any CPU
		Release|Any CPU = Release|Any CPU
	EndGlobalSection
	GlobalSection(ProjectConfigurationPlatforms) = postSolution
		{87E65287-45CB-48B7-A6D2-F4153FDB8DB2}.Debug|Any CPU.ActiveCfg = Debug|Any CPU
		{87E65287-45CB-48B7-A6D2-F4153FDB8DB2}.Debug|Any CPU.Build.0 = Debug|Any CPU
		{87E65287-45CB-48B7-A6D2-F4153FDB8DB2}.Release|Any CPU.ActiveCfg = Release|Any CPU
		{87E65287-45CB-48B7-A6D2-F4153FDB8DB2}.Release|Any CPU.Build.0 = Release|Any CPU
	EndGlobalSection
	GlobalSection(SolutionProperties) = preSolution
		HideSolutionNode = FALSE
	EndGlobalSection
	GlobalSection(ExtensibilityGlobals) = postSolution
		SolutionGuid = {13A41038-7EFC-4D60-A842-D09FF67A784F}
	EndGlobalSection
EndGlobal
